{
    "_meta": {
        "hash": {
            "sha256": "4693cd4c35c1fd0c5281688db383876dc56d5242388c0cd050802478993312b2"
        },
        "pipfile-spec": 6,
        "requires": {
            "python_version": "3.8"
        },
        "sources": [
            {
                "name": "pypi",
                "url": "https://pypi.org/simple",
                "verify_ssl": true
            }
        ]
    },
    "default": {
        "python-nmap": {
            "hashes": [
                "sha256:5d4bced024ca5defc57531be0fca7bf8158a99c330f42373354ea776d2117804"
            ],
            "index": "pypi",
            "version": "==0.6.4"
        },
        "tabulate": {
            "hashes": [
                "sha256:d7c013fe7abbc5e491394e10fa845f8f32fe54f8dc60c6622c6cf482d25d47e4",
                "sha256:eb1d13f25760052e8931f2ef80aaf6045a6cceb47514db8beab24cded16f13a7"
            ],
            "index": "pypi",
            "version": "==0.8.9"
        }
    },
    "develop": {}
}
